<?xml version="1.0" encoding="utf-8"?>
<Project ToolsVersion="4.0" xmlns="http://schemas.microsoft.com/developer/msbuild/2003">
  <ItemGroup>
    <Filter Include="Source Files">
      <UniqueIdentifier>{4FC737F1-C7A5-4376-A066-2A32D752A2FF}</UniqueIdentifier>
      <Extensions>cpp;c;cc;cxx;def;odl;idl;hpj;bat;asm;asmx</Extensions>
    </Filter>
    <Filter Include="Header Files">
      <UniqueIdentifier>{93995380-89BD-4b04-88EB-625FBE52EBFB}</UniqueIdentifier>
      <Extensions>h;hpp;hxx;hm;inl;inc;xsd</Extensions>
    </Filter>
    <Filter Include="Header Files\teamspeak">
      <UniqueIdentifier>{424f4ce9-e47e-43e3-91bc-85bbfec2c680}</UniqueIdentifier>
    </Filter>
    <Filter Include="Header Files\teamlog">
      <UniqueIdentifier>{d76dfa87-907d-4936-a5cf-59462dba95d7}</UniqueIdentifier>
    </Filter>
    <Filter Include="Util">
      <UniqueIdentifier>{4ae4a861-8266-4074-a8ae-02ffd28355a3}</UniqueIdentifier>
    </Filter>
    <Filter Include="StdAfx">
      <UniqueIdentifier>{52193dae-a824-4273-a1a7-92f4bc0194bf}</UniqueIdentifier>
    </Filter>
    <Filter Include="Wave">
      <UniqueIdentifier>{a268ec71-6402-4a2e-8cdb-c6c7de573758}</UniqueIdentifier>
    </Filter>
    <Filter Include="App">
      <UniqueIdentifier>{e07e04af-7383-4841-ae09-fab1dd87d30c}</UniqueIdentifier>
    </Filter>
    <Filter Include="Gui">
      <UniqueIdentifier>{b7f3cab1-2efc-4052-8b5a-67c6ae2e3930}</UniqueIdentifier>
    </Filter>
    <Filter Include="KeyboardHook">
      <UniqueIdentifier>{6de0aabc-593a-460f-8fbe-3ca8c8608563}</UniqueIdentifier>
    </Filter>
    <Filter Include="Exe">
      <UniqueIdentifier>{3fd804c7-baea-47cb-b5af-b34222702022}</UniqueIdentifier>
    </Filter>
    <Filter Include="Web">
      <UniqueIdentifier>{b9996207-9094-4f39-8ce9-b404232c1d21}</UniqueIdentifier>
    </Filter>
  </ItemGroup>
  <ItemGroup>
    <ClInclude Include="stdafx.h">
      <Filter>StdAfx</Filter>
    </ClInclude>
    <ClInclude Include="targetver.h">
      <Filter>StdAfx</Filter>
    </ClInclude>
    <ClInclude Include="Wave\wave.h">
      <Filter>Wave</Filter>
    </ClInclude>
    <ClInclude Include="App\SoundplayerApp.h">
      <Filter>App</Filter>
    </ClInclude>
    <ClInclude Include="resource.h">
      <Filter>Header Files</Filter>
    </ClInclude>
    <ClInclude Include="Util\Util.h">
      <Filter>Util</Filter>
    </ClInclude>
    <ClInclude Include="Wave\AudioDecoder.h">
      <Filter>Wave</Filter>
    </ClInclude>
    <ClInclude Include="Wave\AudioClipSample.h">
      <Filter>Wave</Filter>
    </ClInclude>
    <ClInclude Include="Gui\SettingsDialog.h">
      <Filter>Gui</Filter>
    </ClInclude>
    <ClInclude Include="Gui\SoundFolderSelector.h">
      <Filter>Gui</Filter>
    </ClInclude>
    <ClInclude Include="Gui\DlgScrollable.h">
      <Filter>Gui</Filter>
    </ClInclude>
    <ClInclude Include="Gui\WindowUtil.h">
      <Filter>Gui</Filter>
    </ClInclude>
    <ClInclude Include="Gui\PresetHotkeyGroup.h">
      <Filter>Header Files</Filter>
    </ClInclude>
    <ClInclude Include="KeyboardHook\LocalKeyboardHookInstaller.h">
      <Filter>KeyboardHook</Filter>
    </ClInclude>
    <ClInclude Include="KeyboardHook\PipeHandler.h">
      <Filter>KeyboardHook</Filter>
    </ClInclude>
    <ClInclude Include="Util\TSSoundPlayer.h">
      <Filter>Util</Filter>
    </ClInclude>
    <ClInclude Include="Wave\AudioProcessor.h">
      <Filter>Wave</Filter>
    </ClInclude>
    <ClInclude Include="Gui\AudioProcessorDialog.h">
      <Filter>Gui</Filter>
    </ClInclude>
    <ClInclude Include="Web\FileSync.h">
      <Filter>Web</Filter>
    </ClInclude>
    <ClInclude Include="Wave\MP3Player.h">
      <Filter>Wave</Filter>
    </ClInclude>
    <ClInclude Include="Wave\SignalProcessing.h">
      <Filter>Wave</Filter>
    </ClInclude>
    <ClInclude Include="Wave\AudioRecorder.h">
      <Filter>Wave</Filter>
    </ClInclude>
    <ClInclude Include="Wave\AudioPlayer.h">
      <Filter>Wave</Filter>
    </ClInclude>
    <ClInclude Include="Wave\OnlineMicrophone.h">
      <Filter>Wave</Filter>
    </ClInclude>
    <ClInclude Include="Util\RingBuffer.h">
      <Filter>Util</Filter>
    </ClInclude>
    <ClInclude Include="Util\NetUtil.h">
      <Filter>Util</Filter>
    </ClInclude>
    <ClInclude Include="Util\Log.h">
      <Filter>Util</Filter>
    </ClInclude>
    <ClInclude Include="Wave\AudioBuffer.h">
      <Filter>Wave</Filter>
    </ClInclude>
    <ClInclude Include="Gui\NetworkDialog.h">
      <Filter>Gui</Filter>
    </ClInclude>
    <ClInclude Include="Wave\Steganography.h">
      <Filter>Wave</Filter>
    </ClInclude>
    <ClInclude Include="KeyboardHook\KeyboardHookUtils.h">
      <Filter>Header Files</Filter>
    </ClInclude>
    <ClInclude Include="Gui\InputObserverDialog.h">
      <Filter>Header Files</Filter>
    </ClInclude>
    <ClInclude Include="Util\Maybe.h">
      <Filter>Header Files</Filter>
    </ClInclude>
    <ClInclude Include="Web\Http.h">
      <Filter>Web</Filter>
    </ClInclude>
    <ClInclude Include="Util\Config.h">
      <Filter>Util</Filter>
    </ClInclude>
    <ClInclude Include="App\plugin.h">
      <Filter>Header Files</Filter>
    </ClInclude>
    <ClInclude Include="Wave\AudioProcessing.h">
      <Filter>Header Files</Filter>
    </ClInclude>
    <ClInclude Include="Wave\FourierUtils.h">
      <Filter>Header Files</Filter>
    </ClInclude>
    <ClInclude Include="Wave\PitchFilter.h">
      <Filter>Header Files</Filter>
    </ClInclude>
    <ClInclude Include="App\QuickSoundHandler.h">
      <Filter>Header Files</Filter>
    </ClInclude>
    <ClInclude Include="App\MenuHandler.h">
      <Filter>Header Files</Filter>
    </ClInclude>
    <ClInclude Include="App\InputHandler.h">
      <Filter>Header Files</Filter>
    </ClInclude>
    <ClInclude Include="App\HotkeyHandler.h">
      <Filter>Util</Filter>
    </ClInclude>
    <ClInclude Include="Util\RunLoop.h">
      <Filter>Header Files</Filter>
    </ClInclude>
    <ClInclude Include="Util\InputStream.h">
      <Filter>Header Files</Filter>
    </ClInclude>
    <ClInclude Include="App\NetworkAudioHandler.h">
      <Filter>Header Files</Filter>
    </ClInclude>
    <ClInclude Include="Gui\ConfigDialog.h">
      <Filter>Header Files</Filter>
    </ClInclude>
    <ClInclude Include="Gui\OverlayWindow.h">
      <Filter>Header Files</Filter>
    </ClInclude>
    <ClInclude Include="App\NetworkAudioHandlerImpl.h">
      <Filter>Header Files</Filter>
    </ClInclude>
    <ClInclude Include="App\UpdateHandler.h">
      <Filter>Header Files</Filter>
    </ClInclude>
    <ClInclude Include="App\CommandLineInterface.h">
      <Filter>Header Files</Filter>
    </ClInclude>
    <ClInclude Include="Util\TsHelperFunctions.h">
      <Filter>Util</Filter>
    </ClInclude>
    <ClInclude Include="App\DirectoryHandler.h">
      <Filter>Header Files</Filter>
    </ClInclude>
    <ClInclude Include="Wave\AudioFilter.h">
      <Filter>Header Files</Filter>
    </ClInclude>
    <ClInclude Include="Wave\AudioFilterTypes.h">
      <Filter>Header Files</Filter>
    </ClInclude>
    <ClInclude Include="Wave\FilterBuffer.h">
      <Filter>Header Files</Filter>
    </ClInclude>
    <ClInclude Include="Wave\PitchShiftFilter.h">
      <Filter>Header Files</Filter>
    </ClInclude>
  </ItemGroup>
  <ItemGroup>
    <ClCompile Include="stdafx.cpp">
      <Filter>StdAfx</Filter>
    </ClCompile>
    <ClCompile Include="Wave\wave.cpp">
      <Filter>Wave</Filter>
    </ClCompile>
    <ClCompile Include="App\SoundplayerApp.cpp">
      <Filter>App</Filter>
    </ClCompile>
    <ClCompile Include="Util\Util.cpp">
      <Filter>Util</Filter>
    </ClCompile>
    <ClCompile Include="Wave\AudioDecoder.cpp">
      <Filter>Wave</Filter>
    </ClCompile>
    <ClCompile Include="Wave\AudioClipSample.cpp">
      <Filter>Wave</Filter>
    </ClCompile>
    <ClCompile Include="Gui\SettingsDialog.cpp">
      <Filter>Gui</Filter>
    </ClCompile>
    <ClCompile Include="Gui\SoundFolderSelector.cpp">
      <Filter>Gui</Filter>
    </ClCompile>
    <ClCompile Include="Gui\DlgScrollable.cpp">
      <Filter>Gui</Filter>
    </ClCompile>
    <ClCompile Include="Gui\PresetHotkeyGroup.cpp">
      <Filter>Source Files</Filter>
    </ClCompile>
    <ClCompile Include="KeyboardHook\LocalKeyboardHookInstaller.cpp">
      <Filter>KeyboardHook</Filter>
    </ClCompile>
    <ClCompile Include="KeyboardHook\PipeHandler.cpp">
      <Filter>KeyboardHook</Filter>
    </ClCompile>
    <ClCompile Include="Wave\AudioProcessor.cpp">
      <Filter>Wave</Filter>
    </ClCompile>
    <ClCompile Include="Gui\AudioProcessorDialog.cpp">
      <Filter>Gui</Filter>
    </ClCompile>
    <ClCompile Include="Web\FileSync.cpp">
      <Filter>Web</Filter>
    </ClCompile>
    <ClCompile Include="Wave\AudioRecorder.cpp">
      <Filter>Wave</Filter>
    </ClCompile>
    <ClCompile Include="Wave\AudioPlayer.cpp">
      <Filter>Wave</Filter>
    </ClCompile>
    <ClCompile Include="Wave\OnlineMicophone.cpp">
      <Filter>Wave</Filter>
    </ClCompile>
    <ClCompile Include="Util\Log.cpp">
      <Filter>Util</Filter>
    </ClCompile>
    <ClCompile Include="Wave\AudioBuffer.cpp">
      <Filter>Wave</Filter>
    </ClCompile>
    <ClCompile Include="Gui\NetworkDialog.cpp">
      <Filter>Gui</Filter>
    </ClCompile>
    <ClCompile Include="Gui\InputObserverDialog.cpp">
      <Filter>Source Files</Filter>
    </ClCompile>
    <ClCompile Include="Util\Config.cpp">
      <Filter>Util</Filter>
    </ClCompile>
    <ClCompile Include="App\plugin.cpp">
      <Filter>Source Files</Filter>
    </ClCompile>
    <ClCompile Include="exe\main.cpp">
      <Filter>Exe</Filter>
    </ClCompile>
    <ClCompile Include="Wave\AudioProcessing.cpp">
      <Filter>Source Files</Filter>
    </ClCompile>
    <ClCompile Include="App\QuickSoundHandler.cpp">
      <Filter>Source Files</Filter>
    </ClCompile>
    <ClCompile Include="App\MenuHandler.cpp">
      <Filter>Source Files</Filter>
    </ClCompile>
    <ClCompile Include="App\InputHandler.cpp">
      <Filter>Source Files</Filter>
    </ClCompile>
    <ClCompile Include="App\HotkeyHandler.cpp">
      <Filter>Util</Filter>
    </ClCompile>
    <ClCompile Include="Gui\ConfigDialog.cpp">
      <Filter>Source Files</Filter>
    </ClCompile>
    <ClCompile Include="Gui\OverlayWindow.cpp">
      <Filter>Source Files</Filter>
    </ClCompile>
    <ClCompile Include="App\NetworkAudioHandlerImpl.cpp">
      <Filter>Source Files</Filter>
    </ClCompile>
    <ClCompile Include="App\UpdateHandler.cpp">
      <Filter>Source Files</Filter>
    </ClCompile>
    <ClCompile Include="App\CommandLineInterface.cpp">
      <Filter>Source Files</Filter>
    </ClCompile>
    <ClCompile Include="App\DirectoryHandler.cpp">
      <Filter>Source Files</Filter>
    </ClCompile>
    <ClCompile Include="Wave\AudioFilter.cpp">
      <Filter>Source Files</Filter>
    </ClCompile>
    <ClCompile Include="Wave\PitchShiftFilter.cpp">
      <Filter>Source Files</Filter>
    </ClCompile>
  </ItemGroup>
  <ItemGroup>
    <ResourceCompile Include="test_plugin.rc" />
  </ItemGroup>
  <ItemGroup>
    <Text Include="..\changelog.txt" />
  </ItemGroup>
  <ItemGroup>
    <None Include="packages.config" />
  </ItemGroup>
</Project>